
Microsoft Visual Studio Solution File, Format Version 12.00
# Visual Studio 2013
VisualStudioVersion = 12.0.40629.0
MinimumVisualStudioVersion = 10.0.40219.1
Project("{FAE04EC0-301F-11D3-BF4B-00C04F79EFBC}") = "ClassAndStruct", "ClassAndStruct\ClassAndStruct.csproj", "{84588973-FE0C-4320-B90A-42932E974BAA}"
EndProject
Project("{FAE04EC0-301F-11D3-BF4B-00C04F79EFBC}") = "ClassDemo", "ClassDemo\ClassDemo.csproj", "{181D837D-A33F-4938-8F16-E490ED40D3B8}"
EndProject
Project("{FAE04EC0-301F-11D3-BF4B-00C04F79EFBC}") = "MethodSignature", "MethodSignature\MethodSignature.csproj", "{F6C7491E-F27B-404B-B9B5-B80E4F29B8A5}"
EndProject
Project("{FAE04EC0-301F-11D3-BF4B-00C04F79EFBC}") = "DelegateVSEvent", "DelegateVSEvent\DelegateVSEvent.csproj", "{7B878854-DC84-4AD5-9E7F-EA738A193944}"
EndProject
Project("{FAE04EC0-301F-11D3-BF4B-00C04F79EFBC}") = "ObjectInterfacesAndInheriatance", "ObjectInterfacesAndInheriatance\ObjectInterfacesAndInheriatance.csproj", "{E1B3B2D9-65D0-4090-9BFF-2C93505CC0D7}"
EndProject
Project("{FAE04EC0-301F-11D3-BF4B-00C04F79EFBC}") = "Generics", "Generics\Generics.csproj", "{EFB67241-E26B-4537-92B6-B79FAB10C2BD}"
EndProject
Project("{FAE04EC0-301F-11D3-BF4B-00C04F79EFBC}") = "ProgrammaticFlow", "ProgrammaticFlow\ProgrammaticFlow.csproj", "{CA2E837A-5F0D-402E-A143-C79CF9C1F375}"
EndProject
Project("{FAE04EC0-301F-11D3-BF4B-00C04F79EFBC}") = "ManipulationTypes", "ManipulationTypes\ManipulationTypes.csproj", "{11573E3A-595B-488D-9BD5-D2C80EEAF06B}"
EndProject
Project("{FAE04EC0-301F-11D3-BF4B-00C04F79EFBC}") = "WorkingWithStrings", "WorkingWithStrings\WorkingWithStrings.csproj", "{14738785-5A2A-435E-B677-84E9ECF17710}"
EndProject
Project("{FAE04EC0-301F-11D3-BF4B-00C04F79EFBC}") = "HowToGetTypedata", "HowToGetTypedata\HowToGetTypedata.csproj", "{B0405DDB-4834-4732-B8C5-F13F78C2C8E4}"
EndProject
Project("{FAE04EC0-301F-11D3-BF4B-00C04F79EFBC}") = "ReflectionDemo", "ReflectionDemo\ReflectionDemo.csproj", "{8474CA37-6DF2-4B47-AEC3-392084DF072A}"
EndProject
Project("{FAE04EC0-301F-11D3-BF4B-00C04F79EFBC}") = "DisposableObjects", "DisposableObjects\DisposableObjects.csproj", "{90736624-1AF7-45BC-A521-97FE5789B7EE}"
EndProject
Project("{FAE04EC0-301F-11D3-BF4B-00C04F79EFBC}") = "WeakReferences", "WeakReferences\WeakReferences.csproj", "{96AF3AE0-E638-45C8-8228-0ACF5A605701}"
EndProject
Project("{FAE04EC0-301F-11D3-BF4B-00C04F79EFBC}") = "TypeAndValueValidation", "TypeAndValueValidation\TypeAndValueValidation.csproj", "{AFD9D990-49F2-42A0-AAF4-F88B490E370C}"
EndProject
Global
	GlobalSection(SolutionConfigurationPlatforms) = preSolution
		Debug|Any CPU = Debug|Any CPU
		Release|Any CPU = Release|Any CPU
	EndGlobalSection
	GlobalSection(ProjectConfigurationPlatforms) = postSolution
		{84588973-FE0C-4320-B90A-42932E974BAA}.Debug|Any CPU.ActiveCfg = Debug|Any CPU
		{84588973-FE0C-4320-B90A-42932E974BAA}.Debug|Any CPU.Build.0 = Debug|Any CPU
		{84588973-FE0C-4320-B90A-42932E974BAA}.Release|Any CPU.ActiveCfg = Release|Any CPU
		{84588973-FE0C-4320-B90A-42932E974BAA}.Release|Any CPU.Build.0 = Release|Any CPU
		{181D837D-A33F-4938-8F16-E490ED40D3B8}.Debug|Any CPU.ActiveCfg = Debug|Any CPU
		{181D837D-A33F-4938-8F16-E490ED40D3B8}.Debug|Any CPU.Build.0 = Debug|Any CPU
		{181D837D-A33F-4938-8F16-E490ED40D3B8}.Release|Any CPU.ActiveCfg = Release|Any CPU
		{181D837D-A33F-4938-8F16-E490ED40D3B8}.Release|Any CPU.Build.0 = Release|Any CPU
		{F6C7491E-F27B-404B-B9B5-B80E4F29B8A5}.Debug|Any CPU.ActiveCfg = Debug|Any CPU
		{F6C7491E-F27B-404B-B9B5-B80E4F29B8A5}.Debug|Any CPU.Build.0 = Debug|Any CPU
		{F6C7491E-F27B-404B-B9B5-B80E4F29B8A5}.Release|Any CPU.ActiveCfg = Release|Any CPU
		{F6C7491E-F27B-404B-B9B5-B80E4F29B8A5}.Release|Any CPU.Build.0 = Release|Any CPU
		{7B878854-DC84-4AD5-9E7F-EA738A193944}.Debug|Any CPU.ActiveCfg = Debug|Any CPU
		{7B878854-DC84-4AD5-9E7F-EA738A193944}.Debug|Any CPU.Build.0 = Debug|Any CPU
		{7B878854-DC84-4AD5-9E7F-EA738A193944}.Release|Any CPU.ActiveCfg = Release|Any CPU
		{7B878854-DC84-4AD5-9E7F-EA738A193944}.Release|Any CPU.Build.0 = Release|Any CPU
		{E1B3B2D9-65D0-4090-9BFF-2C93505CC0D7}.Debug|Any CPU.ActiveCfg = Debug|Any CPU
		{E1B3B2D9-65D0-4090-9BFF-2C93505CC0D7}.Debug|Any CPU.Build.0 = Debug|Any CPU
		{E1B3B2D9-65D0-4090-9BFF-2C93505CC0D7}.Release|Any CPU.ActiveCfg = Release|Any CPU
		{E1B3B2D9-65D0-4090-9BFF-2C93505CC0D7}.Release|Any CPU.Build.0 = Release|Any CPU
		{EFB67241-E26B-4537-92B6-B79FAB10C2BD}.Debug|Any CPU.ActiveCfg = Debug|Any CPU
		{EFB67241-E26B-4537-92B6-B79FAB10C2BD}.Debug|Any CPU.Build.0 = Debug|Any CPU
		{EFB67241-E26B-4537-92B6-B79FAB10C2BD}.Release|Any CPU.ActiveCfg = Release|Any CPU
		{EFB67241-E26B-4537-92B6-B79FAB10C2BD}.Release|Any CPU.Build.0 = Release|Any CPU
		{CA2E837A-5F0D-402E-A143-C79CF9C1F375}.Debug|Any CPU.ActiveCfg = Debug|Any CPU
		{CA2E837A-5F0D-402E-A143-C79CF9C1F375}.Debug|Any CPU.Build.0 = Debug|Any CPU
		{CA2E837A-5F0D-402E-A143-C79CF9C1F375}.Release|Any CPU.ActiveCfg = Release|Any CPU
		{CA2E837A-5F0D-402E-A143-C79CF9C1F375}.Release|Any CPU.Build.0 = Release|Any CPU
		{11573E3A-595B-488D-9BD5-D2C80EEAF06B}.Debug|Any CPU.ActiveCfg = Debug|Any CPU
		{11573E3A-595B-488D-9BD5-D2C80EEAF06B}.Debug|Any CPU.Build.0 = Debug|Any CPU
		{11573E3A-595B-488D-9BD5-D2C80EEAF06B}.Release|Any CPU.ActiveCfg = Release|Any CPU
		{11573E3A-595B-488D-9BD5-D2C80EEAF06B}.Release|Any CPU.Build.0 = Release|Any CPU
		{14738785-5A2A-435E-B677-84E9ECF17710}.Debug|Any CPU.ActiveCfg = Debug|Any CPU
		{14738785-5A2A-435E-B677-84E9ECF17710}.Debug|Any CPU.Build.0 = Debug|Any CPU
		{14738785-5A2A-435E-B677-84E9ECF17710}.Release|Any CPU.ActiveCfg = Release|Any CPU
		{14738785-5A2A-435E-B677-84E9ECF17710}.Release|Any CPU.Build.0 = Release|Any CPU
		{B0405DDB-4834-4732-B8C5-F13F78C2C8E4}.Debug|Any CPU.ActiveCfg = Debug|Any CPU
		{B0405DDB-4834-4732-B8C5-F13F78C2C8E4}.Debug|Any CPU.Build.0 = Debug|Any CPU
		{B0405DDB-4834-4732-B8C5-F13F78C2C8E4}.Release|Any CPU.ActiveCfg = Release|Any CPU
		{B0405DDB-4834-4732-B8C5-F13F78C2C8E4}.Release|Any CPU.Build.0 = Release|Any CPU
		{8474CA37-6DF2-4B47-AEC3-392084DF072A}.Debug|Any CPU.ActiveCfg = Debug|Any CPU
		{8474CA37-6DF2-4B47-AEC3-392084DF072A}.Debug|Any CPU.Build.0 = Debug|Any CPU
		{8474CA37-6DF2-4B47-AEC3-392084DF072A}.Release|Any CPU.ActiveCfg = Release|Any CPU
		{8474CA37-6DF2-4B47-AEC3-392084DF072A}.Release|Any CPU.Build.0 = Release|Any CPU
		{90736624-1AF7-45BC-A521-97FE5789B7EE}.Debug|Any CPU.ActiveCfg = Debug|Any CPU
		{90736624-1AF7-45BC-A521-97FE5789B7EE}.Debug|Any CPU.Build.0 = Debug|Any CPU
		{90736624-1AF7-45BC-A521-97FE5789B7EE}.Release|Any CPU.ActiveCfg = Release|Any CPU
		{90736624-1AF7-45BC-A521-97FE5789B7EE}.Release|Any CPU.Build.0 = Release|Any CPU
		{96AF3AE0-E638-45C8-8228-0ACF5A605701}.Debug|Any CPU.ActiveCfg = Debug|Any CPU
		{96AF3AE0-E638-45C8-8228-0ACF5A605701}.Debug|Any CPU.Build.0 = Debug|Any CPU
		{96AF3AE0-E638-45C8-8228-0ACF5A605701}.Release|Any CPU.ActiveCfg = Release|Any CPU
		{96AF3AE0-E638-45C8-8228-0ACF5A605701}.Release|Any CPU.Build.0 = Release|Any CPU
		{AFD9D990-49F2-42A0-AAF4-F88B490E370C}.Debug|Any CPU.ActiveCfg = Debug|Any CPU
		{AFD9D990-49F2-42A0-AAF4-F88B490E370C}.Debug|Any CPU.Build.0 = Debug|Any CPU
		{AFD9D990-49F2-42A0-AAF4-F88B490E370C}.Release|Any CPU.ActiveCfg = Release|Any CPU
		{AFD9D990-49F2-42A0-AAF4-F88B490E370C}.Release|Any CPU.Build.0 = Release|Any CPU
	EndGlobalSection
	GlobalSection(SolutionProperties) = preSolution
		HideSolutionNode = FALSE
	EndGlobalSection
EndGlobal
